
Microsoft Visual Studio Solution File, Format Version 12.00
# Visual Studio Version 17
VisualStudioVersion = 17.8.34330.188
MinimumVisualStudioVersion = 10.0.40219.1
Project("{9A19103F-16F7-4668-BE54-9A1E7A4F7556}") = "BusinessAdapter", "BusinessAdapter\BusinessAdapter.csproj", "{EC1BD4E3-3454-4D9C-9212-510F876FB907}"
EndProject
Project("{9A19103F-16F7-4668-BE54-9A1E7A4F7556}") = "BusinessAdapter.Console.UnitTests", "BusinessAdapter.Console.UnitTests\BusinessAdapter.Console.UnitTests.csproj", "{C932D684-B2A2-4F4C-9119-D1FFD3CA3A51}"
EndProject
Project("{9A19103F-16F7-4668-BE54-9A1E7A4F7556}") = "BusinessAdapter.UnitTests", "BusinessAdapter.UnitTests\BusinessAdapter.UnitTests.csproj", "{9D2331E7-5540-4116-8EA4-1F29700132B8}"
EndProject
Project("{2150E333-8FDC-42A3-9474-1A3956D46DE8}") = "Projektmappenelemente", "Projektmappenelemente", "{30E0815C-34F3-44EF-BF97-3891FFEA22B0}"
	ProjectSection(SolutionItems) = preProject
		.editorconfig = .editorconfig
		Directory.Build.props = Directory.Build.props
		README.md = README.md
		Jenkinsfile = Jenkinsfile
	EndProjectSection
EndProject
Project("{FAE04EC0-301F-11D3-BF4B-00C04F79EFBC}") = "BusinessAdapter.MP", "BusinessAdapter.MP\BusinessAdapter.MP.csproj", "{84E1D288-B3E3-4401-9D7B-972C185ED4EE}"
EndProject
Project("{FAE04EC0-301F-11D3-BF4B-00C04F79EFBC}") = "BusinessAdapter.MP.Console", "BusinessAdapter.MP.Console\BusinessAdapter.MP.Console.csproj", "{B1F41B2C-7660-4E11-90ED-7048215175A8}"
EndProject
Project("{FAE04EC0-301F-11D3-BF4B-00C04F79EFBC}") = "BusinessAdapter.FP", "BusinessAdapter.FP\BusinessAdapter.FP.csproj", "{B6F05492-D3BB-459B-9978-EDEF0874F197}"
EndProject
Project("{FAE04EC0-301F-11D3-BF4B-00C04F79EFBC}") = "BusinessAdapter.FP.Console", "BusinessAdapter.FP.Console\BusinessAdapter.FP.Console.csproj", "{169FDCB6-7F01-49A7-8406-1F7B57C360A4}"
EndProject
Project("{FAE04EC0-301F-11D3-BF4B-00C04F79EFBC}") = "BusinessAdapter.FP.UnitTests", "BusinessAdapter.FP.UnitTests\BusinessAdapter.FP.UnitTests.csproj", "{A6508745-0576-46F4-BB86-5CEEC1EBB305}"
EndProject
Global
	GlobalSection(SolutionConfigurationPlatforms) = preSolution
		Debug|Any CPU = Debug|Any CPU
		Release|Any CPU = Release|Any CPU
	EndGlobalSection
	GlobalSection(ProjectConfigurationPlatforms) = postSolution
		{EC1BD4E3-3454-4D9C-9212-510F876FB907}.Debug|Any CPU.ActiveCfg = Debug|Any CPU
		{EC1BD4E3-3454-4D9C-9212-510F876FB907}.Debug|Any CPU.Build.0 = Debug|Any CPU
		{EC1BD4E3-3454-4D9C-9212-510F876FB907}.Release|Any CPU.ActiveCfg = Release|Any CPU
		{EC1BD4E3-3454-4D9C-9212-510F876FB907}.Release|Any CPU.Build.0 = Release|Any CPU
		{C932D684-B2A2-4F4C-9119-D1FFD3CA3A51}.Debug|Any CPU.ActiveCfg = Debug|Any CPU
		{C932D684-B2A2-4F4C-9119-D1FFD3CA3A51}.Debug|Any CPU.Build.0 = Debug|Any CPU
		{C932D684-B2A2-4F4C-9119-D1FFD3CA3A51}.Release|Any CPU.ActiveCfg = Release|Any CPU
		{C932D684-B2A2-4F4C-9119-D1FFD3CA3A51}.Release|Any CPU.Build.0 = Release|Any CPU
		{9D2331E7-5540-4116-8EA4-1F29700132B8}.Debug|Any CPU.ActiveCfg = Debug|Any CPU
		{9D2331E7-5540-4116-8EA4-1F29700132B8}.Debug|Any CPU.Build.0 = Debug|Any CPU
		{9D2331E7-5540-4116-8EA4-1F29700132B8}.Release|Any CPU.ActiveCfg = Release|Any CPU
		{9D2331E7-5540-4116-8EA4-1F29700132B8}.Release|Any CPU.Build.0 = Release|Any CPU
		{84E1D288-B3E3-4401-9D7B-972C185ED4EE}.Debug|Any CPU.ActiveCfg = Debug|Any CPU
		{84E1D288-B3E3-4401-9D7B-972C185ED4EE}.Debug|Any CPU.Build.0 = Debug|Any CPU
		{84E1D288-B3E3-4401-9D7B-972C185ED4EE}.Release|Any CPU.ActiveCfg = Release|Any CPU
		{84E1D288-B3E3-4401-9D7B-972C185ED4EE}.Release|Any CPU.Build.0 = Release|Any CPU
		{B1F41B2C-7660-4E11-90ED-7048215175A8}.Debug|Any CPU.ActiveCfg = Debug|Any CPU
		{B1F41B2C-7660-4E11-90ED-7048215175A8}.Debug|Any CPU.Build.0 = Debug|Any CPU
		{B1F41B2C-7660-4E11-90ED-7048215175A8}.Release|Any CPU.ActiveCfg = Release|Any CPU
		{B1F41B2C-7660-4E11-90ED-7048215175A8}.Release|Any CPU.Build.0 = Release|Any CPU
		{B6F05492-D3BB-459B-9978-EDEF0874F197}.Debug|Any CPU.ActiveCfg = Debug|Any CPU
		{B6F05492-D3BB-459B-9978-EDEF0874F197}.Debug|Any CPU.Build.0 = Debug|Any CPU
		{B6F05492-D3BB-459B-9978-EDEF0874F197}.Release|Any CPU.ActiveCfg = Release|Any CPU
		{B6F05492-D3BB-459B-9978-EDEF0874F197}.Release|Any CPU.Build.0 = Release|Any CPU
		{169FDCB6-7F01-49A7-8406-1F7B57C360A4}.Debug|Any CPU.ActiveCfg = Debug|Any CPU
		{169FDCB6-7F01-49A7-8406-1F7B57C360A4}.Debug|Any CPU.Build.0 = Debug|Any CPU
		{169FDCB6-7F01-49A7-8406-1F7B57C360A4}.Release|Any CPU.ActiveCfg = Release|Any CPU
		{169FDCB6-7F01-49A7-8406-1F7B57C360A4}.Release|Any CPU.Build.0 = Release|Any CPU
		{A6508745-0576-46F4-BB86-5CEEC1EBB305}.Debug|Any CPU.ActiveCfg = Debug|Any CPU
		{A6508745-0576-46F4-BB86-5CEEC1EBB305}.Debug|Any CPU.Build.0 = Debug|Any CPU
		{A6508745-0576-46F4-BB86-5CEEC1EBB305}.Release|Any CPU.ActiveCfg = Release|Any CPU
		{A6508745-0576-46F4-BB86-5CEEC1EBB305}.Release|Any CPU.Build.0 = Release|Any CPU
	EndGlobalSection
	GlobalSection(SolutionProperties) = preSolution
		HideSolutionNode = FALSE
	EndGlobalSection
	GlobalSection(ExtensibilityGlobals) = postSolution
		SolutionGuid = {88547C5E-A4D5-45F4-8FE3-FFE758E3656D}
	EndGlobalSection
EndGlobal
