<Solution>
  <Folder Name="/FP/">
    <Project Path="BusinessAdapter.FP.Console.UnitTests/BusinessAdapter.FP.Console.UnitTests.csproj" />
    <Project Path="BusinessAdapter.FP.Console/BusinessAdapter.FP.Console.csproj" />
    <Project Path="BusinessAdapter.FP.IntegrativeTests/BusinessAdapter.FP.IntegrativeTests.csproj" />
    <Project Path="BusinessAdapter.FP.UnitTests/BusinessAdapter.FP.UnitTests.csproj" />
    <Project Path="BusinessAdapter.FP/BusinessAdapter.FP.csproj" />
  </Folder>
  <Folder Name="/MP/">
    <Project Path="BusinessAdapter.MP.Console.UnitTests/BusinessAdapter.MP.Console.UnitTests.csproj" />
    <Project Path="BusinessAdapter.MP.Console/BusinessAdapter.MP.Console.csproj" />
    <Project Path="BusinessAdapter.MP.IntegrativeTests/BusinessAdapter.MP.IntegrativeTests.csproj" />
    <Project Path="BusinessAdapter.MP.UnitTests/BusinessAdapter.MP.UnitTests.csproj" />
    <Project Path="BusinessAdapter.MP/BusinessAdapter.MP.csproj" />
  </Folder>
  <Folder Name="/Projektmappenelemente/">
    <File Path=".editorconfig" />
    <File Path="Directory.Build.props" />
    <File Path="Directory.Packages.props" />
    <File Path="Jenkinsfile" />
    <File Path="README.md" />
  </Folder>
  <Project Path="BusinessAdapter.UnitTests/BusinessAdapter.UnitTests.csproj" />
  <Project Path="BusinessAdapter/BusinessAdapter.csproj" />
</Solution>
